
Microsoft Visual Studio Solution File, Format Version 12.00
# Visual Studio 15
VisualStudioVersion = 15.0.27703.2035
MinimumVisualStudioVersion = 10.0.40219.1
Project("{FAE04EC0-301F-11D3-BF4B-00C04F79EFBC}") = "TIIDE", "TIIDE\TIIDE.csproj", "{ADED0898-D9D6-4877-8516-98BF546F1EE0}"
EndProject
Global
	GlobalSection(SolutionConfigurationPlatforms) = preSolution
		Debug|Any CPU = Debug|Any CPU
		Release|Any CPU = Release|Any CPU
	EndGlobalSection
	GlobalSection(ProjectConfigurationPlatforms) = postSolution
		{ADED0898-D9D6-4877-8516-98BF546F1EE0}.Debug|Any CPU.ActiveCfg = Debug|Any CPU
		{ADED0898-D9D6-4877-8516-98BF546F1EE0}.Debug|Any CPU.Build.0 = Debug|Any CPU
		{ADED0898-D9D6-4877-8516-98BF546F1EE0}.Release|Any CPU.ActiveCfg = Release|Any CPU
		{ADED0898-D9D6-4877-8516-98BF546F1EE0}.Release|Any CPU.Build.0 = Release|Any CPU
	EndGlobalSection
	GlobalSection(SolutionProperties) = preSolution
		HideSolutionNode = FALSE
	EndGlobalSection
	GlobalSection(ExtensibilityGlobals) = postSolution
		SolutionGuid = {BAD6B72A-C2E8-4BBC-8F61-00ED659991D3}
	EndGlobalSection
EndGlobal
